Microsoft Visual Studio Solution File, Format Version 12.00
# Visual Studio Version 17
VisualStudioVersion = 17.3.32929.385
MinimumVisualStudioVersion = 10.0.40219.1
Project("{8BC9CEB8-8B4A-11D0-8D11-00A0C91BC942}") = "Common", "Common\Common.vcxproj", "{AC70377E-1E7D-3852-A10B-B3D027054354}"
EndProject
Project("{8BC9CEB8-8B4A-11D0-8D11-00A0C91BC942}") = "LoginServer", "LoginServer\LoginServer.vcxproj", "{395F57CA-C81B-3CD3-9E5B-41578855F458}"
	ProjectSection(ProjectDependencies) = postProject
		{AC70377E-1E7D-3852-A10B-B3D027054354} = {AC70377E-1E7D-3852-A10B-B3D027054354}
	EndProjectSection
EndProject
Project("{8BC9CEB8-8B4A-11D0-8D11-00A0C91BC942}") = "GameServer", "GameServer\GameServer.vcxproj", "{07FBC296-A82C-3447-850D-86942C946502}"
	ProjectSection(ProjectDependencies) = postProject
		{AC70377E-1E7D-3852-A10B-B3D027054354} = {AC70377E-1E7D-3852-A10B-B3D027054354}
	EndProjectSection
EndProject
Global
	GlobalSection(SolutionConfigurationPlatforms) = preSolution
		Debug|x64 = Debug|x64
		Release|x64 = Release|x64
	EndGlobalSection
	GlobalSection(ProjectConfigurationPlatforms) = postSolution
		{AC70377E-1E7D-3852-A10B-B3D027054354}.Debug|x64.ActiveCfg = Debug|x64
		{AC70377E-1E7D-3852-A10B-B3D027054354}.Debug|x64.Build.0 = Debug|x64
		{AC70377E-1E7D-3852-A10B-B3D027054354}.Release|x64.ActiveCfg = Release|x64
		{AC70377E-1E7D-3852-A10B-B3D027054354}.Release|x64.Build.0 = Release|x64
		{395F57CA-C81B-3CD3-9E5B-41578855F458}.Debug|x64.ActiveCfg = Debug|x64
		{395F57CA-C81B-3CD3-9E5B-41578855F458}.Debug|x64.Build.0 = Debug|x64
		{395F57CA-C81B-3CD3-9E5B-41578855F458}.Release|x64.ActiveCfg = Release|x64
		{395F57CA-C81B-3CD3-9E5B-41578855F458}.Release|x64.Build.0 = Release|x64
		{07FBC296-A82C-3447-850D-86942C946502}.Debug|x64.ActiveCfg = Debug|x64
		{07FBC296-A82C-3447-850D-86942C946502}.Debug|x64.Build.0 = Debug|x64
		{07FBC296-A82C-3447-850D-86942C946502}.Release|x64.ActiveCfg = Release|x64
		{07FBC296-A82C-3447-850D-86942C946502}.Release|x64.Build.0 = Release|x64
	EndGlobalSection
	GlobalSection(SolutionProperties) = preSolution
		HideSolutionNode = FALSE
	EndGlobalSection
	GlobalSection(ExtensibilityGlobals) = postSolution
		SolutionGuid = {BCBF2CA4-2E70-4A7E-A7A9-095CCDC4D09F}
		Qt5Version = Qt5 64
	EndGlobalSection
EndGlobal
