<?xml version="1.0" encoding="utf-8"?>
<Project xmlns="http://schemas.microsoft.com/developer/msbuild/2003">
  <ItemGroup>
    <Filter Include="Generated Files">
      <UniqueIdentifier>{71ED8ED8-ACB9-4CE9-BBE1-E00B30144E11}</UniqueIdentifier>
      <Extensions>cpp;c;cxx;moc;h;def;odl;idl;res;</Extensions>
    </Filter>
    <Filter Include="Generated Files">
      <UniqueIdentifier>{71ED8ED8-ACB9-4CE9-BBE1-E00B30144E11}</UniqueIdentifier>
      <Extensions>cpp;c;cxx;moc;h;def;odl;idl;res;</Extensions>
    </Filter>
    <Filter Include="Header Files">
      <UniqueIdentifier>{93995380-89BD-4b04-88EB-625FBE52EBFB}</UniqueIdentifier>
      <Extensions>h;hpp;hxx;hm;inl;inc;xsd</Extensions>
    </Filter>
    <Filter Include="Header Files">
      <UniqueIdentifier>{93995380-89BD-4b04-88EB-625FBE52EBFB}</UniqueIdentifier>
      <Extensions>h;hpp;hxx;hm;inl;inc;xsd</Extensions>
    </Filter>
    <Filter Include="Source Files">
      <UniqueIdentifier>{4FC737F1-C7A5-4376-A066-2A32D752A2FF}</UniqueIdentifier>
      <Extensions>cpp;c;cxx;def;odl;idl;hpj;bat;asm;asmx</Extensions>
    </Filter>
    <Filter Include="Source Files">
      <UniqueIdentifier>{4FC737F1-C7A5-4376-A066-2A32D752A2FF}</UniqueIdentifier>
      <Extensions>cpp;c;cxx;def;odl;idl;hpj;bat;asm;asmx</Extensions>
    </Filter>
  </ItemGroup>
  <ItemGroup>
    <ClCompile Include="pch\pch.cpp">
      <Filter>Generated Files</Filter>
    </ClCompile>
    <ClCompile Include="database\DBFactory.cpp">
      <Filter>Generated Files</Filter>
    </ClCompile>
  </ItemGroup>
  <ItemGroup>
    <ClInclude Include="Common_global.h">
      <Filter>Header Files</Filter>
    </ClInclude>
    <ClInclude Include="pch\pch.h">
      <Filter>Generated Files</Filter>
    </ClInclude>
    <ClInclude Include="util\PlatformHelper.h">
      <Filter>Generated Files</Filter>
    </ClInclude>
    <ClInclude Include="type\TSingleton.h">
      <Filter>Generated Files</Filter>
    </ClInclude>
    <ClInclude Include="enum\ServerStatus.h">
      <Filter>Generated Files</Filter>
    </ClInclude>
    <ClInclude Include="interface\IInitializable.h">
      <Filter>Generated Files</Filter>
    </ClInclude>
    <ClInclude Include="util\Generics.h">
      <Filter>Generated Files</Filter>
    </ClInclude>
  </ItemGroup>
  <ItemGroup>
    <None Include="Common.pro" />
    <None Include="type\type.pri" />
    <None Include="util\util.pri" />
    <None Include="enum\enum.pri" />
    <None Include="interface\interface.pri" />
    <None Include="database\database.pri" />
    <None Include="vcpkg.json" />
  </ItemGroup>
  <ItemGroup>
    <QtMoc Include="database\DBFactory.h">
      <Filter>Generated Files</Filter>
    </QtMoc>
  </ItemGroup>
</Project>